
Microsoft Visual Studio Solution File, Format Version 12.00
# Visual Studio Version 17
VisualStudioVersion = 17.7.34221.43
MinimumVisualStudioVersion = 10.0.40219.1
Project("{FAE04EC0-301F-11D3-BF4B-00C04F79EFBC}") = "CsharpTasks", "CsharpTasks\CsharpTasks.csproj", "{7635BB67-56EA-4C9F-B149-B511EA07CBAC}"
EndProject
Project("{FAE04EC0-301F-11D3-BF4B-00C04F79EFBC}") = "ConstructorUse", "ConstructorUse\ConstructorUse.csproj", "{406D25B2-2313-4423-B552-15BEBB3348B0}"
EndProject
Project("{FAE04EC0-301F-11D3-BF4B-00C04F79EFBC}") = "ConstructorOverloading", "ConstructorOverloading\ConstructorOverloading.csproj", "{7129F9C2-5C5C-4B15-AAFD-36283A8E15FF}"
EndProject
Project("{FAE04EC0-301F-11D3-BF4B-00C04F79EFBC}") = "FileCopy", "FileCopy\FileCopy.csproj", "{D7DCE01E-316A-4510-8CD2-0587EE06F471}"
EndProject
Project("{FAE04EC0-301F-11D3-BF4B-00C04F79EFBC}") = "AgeCalculator", "AgeCalculator\AgeCalculator.csproj", "{13A15DC0-307A-4F17-8970-145930A71AA6}"
EndProject
Project("{FAE04EC0-301F-11D3-BF4B-00C04F79EFBC}") = "ConstructorEx", "ConstructorEx\ConstructorEx.csproj", "{68C7E1A1-FED0-48E6-9899-AA287C87095A}"
EndProject
Project("{FAE04EC0-301F-11D3-BF4B-00C04F79EFBC}") = "MethodOverriding", "MethodOverriding\MethodOverriding.csproj", "{1CF396E8-EC6B-4300-952C-EBEF3FC278FC}"
EndProject
Project("{FAE04EC0-301F-11D3-BF4B-00C04F79EFBC}") = "StopWatchProgram", "StopWatchProgram\StopWatchProgram.csproj", "{62F9A791-DFBF-4B5B-A924-73802B11F01B}"
EndProject
Project("{FAE04EC0-301F-11D3-BF4B-00C04F79EFBC}") = "StackCreation", "StackCreation\StackCreation.csproj", "{7C782174-A3D2-4620-9D61-6B23A0759E04}"
EndProject
Project("{FAE04EC0-301F-11D3-BF4B-00C04F79EFBC}") = "StringSummerizingText", "StringSummerizingText\StringSummerizingText.csproj", "{B1FEF353-F05F-4322-9F86-B9E16794BD56}"
EndProject
Project("{FAE04EC0-301F-11D3-BF4B-00C04F79EFBC}") = "StringInterpolation", "StringInterpolation\StringInterpolation.csproj", "{481417B0-BD76-45F6-B898-0C625B327F57}"
EndProject
Project("{FAE04EC0-301F-11D3-BF4B-00C04F79EFBC}") = "StringAndStringBuilder", "StringAndStringBuilder\StringAndStringBuilder.csproj", "{319CBBF6-A52E-4930-8E1C-39A42ABDD6A3}"
EndProject
Project("{FAE04EC0-301F-11D3-BF4B-00C04F79EFBC}") = "RefAndOutUse", "RefAndOutUse\RefAndOutUse.csproj", "{5BF428FB-9CA4-4E82-AFA6-612E605FDB7A}"
EndProject
Project("{FAE04EC0-301F-11D3-BF4B-00C04F79EFBC}") = "IEnumerableAndIEnumerator", "IEnumerableAndIEnumerator\IEnumerableAndIEnumerator.csproj", "{09E10A91-B2F5-4A10-AC7E-3D4281998D06}"
EndProject
Project("{FAE04EC0-301F-11D3-BF4B-00C04F79EFBC}") = "TPLEx", "TPLEx\TPLEx.csproj", "{AABCC84B-2A0A-4BB4-93C9-9710050CBB31}"
EndProject
Project("{FAE04EC0-301F-11D3-BF4B-00C04F79EFBC}") = "AsyncAndAwait", "AsyncAndAwait\AsyncAndAwait.csproj", "{216FB7E3-3A6F-4DE3-9C4C-333044D05BBA}"
EndProject
Project("{FAE04EC0-301F-11D3-BF4B-00C04F79EFBC}") = "VarVsDynamicVsObject", "VarVsDynamicVsObject\VarVsDynamicVsObject.csproj", "{1DD4E511-4B18-4931-A88D-FDAE17960449}"
EndProject
Global
	GlobalSection(SolutionConfigurationPlatforms) = preSolution
		Debug|Any CPU = Debug|Any CPU
		Release|Any CPU = Release|Any CPU
	EndGlobalSection
	GlobalSection(ProjectConfigurationPlatforms) = postSolution
		{7635BB67-56EA-4C9F-B149-B511EA07CBAC}.Debug|Any CPU.ActiveCfg = Debug|Any CPU
		{7635BB67-56EA-4C9F-B149-B511EA07CBAC}.Debug|Any CPU.Build.0 = Debug|Any CPU
		{7635BB67-56EA-4C9F-B149-B511EA07CBAC}.Release|Any CPU.ActiveCfg = Release|Any CPU
		{7635BB67-56EA-4C9F-B149-B511EA07CBAC}.Release|Any CPU.Build.0 = Release|Any CPU
		{406D25B2-2313-4423-B552-15BEBB3348B0}.Debug|Any CPU.ActiveCfg = Debug|Any CPU
		{406D25B2-2313-4423-B552-15BEBB3348B0}.Debug|Any CPU.Build.0 = Debug|Any CPU
		{406D25B2-2313-4423-B552-15BEBB3348B0}.Release|Any CPU.ActiveCfg = Release|Any CPU
		{406D25B2-2313-4423-B552-15BEBB3348B0}.Release|Any CPU.Build.0 = Release|Any CPU
		{7129F9C2-5C5C-4B15-AAFD-36283A8E15FF}.Debug|Any CPU.ActiveCfg = Debug|Any CPU
		{7129F9C2-5C5C-4B15-AAFD-36283A8E15FF}.Debug|Any CPU.Build.0 = Debug|Any CPU
		{7129F9C2-5C5C-4B15-AAFD-36283A8E15FF}.Release|Any CPU.ActiveCfg = Release|Any CPU
		{7129F9C2-5C5C-4B15-AAFD-36283A8E15FF}.Release|Any CPU.Build.0 = Release|Any CPU
		{D7DCE01E-316A-4510-8CD2-0587EE06F471}.Debug|Any CPU.ActiveCfg = Debug|Any CPU
		{D7DCE01E-316A-4510-8CD2-0587EE06F471}.Debug|Any CPU.Build.0 = Debug|Any CPU
		{D7DCE01E-316A-4510-8CD2-0587EE06F471}.Release|Any CPU.ActiveCfg = Release|Any CPU
		{D7DCE01E-316A-4510-8CD2-0587EE06F471}.Release|Any CPU.Build.0 = Release|Any CPU
		{13A15DC0-307A-4F17-8970-145930A71AA6}.Debug|Any CPU.ActiveCfg = Debug|Any CPU
		{13A15DC0-307A-4F17-8970-145930A71AA6}.Debug|Any CPU.Build.0 = Debug|Any CPU
		{13A15DC0-307A-4F17-8970-145930A71AA6}.Release|Any CPU.ActiveCfg = Release|Any CPU
		{13A15DC0-307A-4F17-8970-145930A71AA6}.Release|Any CPU.Build.0 = Release|Any CPU
		{68C7E1A1-FED0-48E6-9899-AA287C87095A}.Debug|Any CPU.ActiveCfg = Debug|Any CPU
		{68C7E1A1-FED0-48E6-9899-AA287C87095A}.Debug|Any CPU.Build.0 = Debug|Any CPU
		{68C7E1A1-FED0-48E6-9899-AA287C87095A}.Release|Any CPU.ActiveCfg = Release|Any CPU
		{68C7E1A1-FED0-48E6-9899-AA287C87095A}.Release|Any CPU.Build.0 = Release|Any CPU
		{1CF396E8-EC6B-4300-952C-EBEF3FC278FC}.Debug|Any CPU.ActiveCfg = Debug|Any CPU
		{1CF396E8-EC6B-4300-952C-EBEF3FC278FC}.Debug|Any CPU.Build.0 = Debug|Any CPU
		{1CF396E8-EC6B-4300-952C-EBEF3FC278FC}.Release|Any CPU.ActiveCfg = Release|Any CPU
		{1CF396E8-EC6B-4300-952C-EBEF3FC278FC}.Release|Any CPU.Build.0 = Release|Any CPU
		{62F9A791-DFBF-4B5B-A924-73802B11F01B}.Debug|Any CPU.ActiveCfg = Debug|Any CPU
		{62F9A791-DFBF-4B5B-A924-73802B11F01B}.Debug|Any CPU.Build.0 = Debug|Any CPU
		{62F9A791-DFBF-4B5B-A924-73802B11F01B}.Release|Any CPU.ActiveCfg = Release|Any CPU
		{62F9A791-DFBF-4B5B-A924-73802B11F01B}.Release|Any CPU.Build.0 = Release|Any CPU
		{7C782174-A3D2-4620-9D61-6B23A0759E04}.Debug|Any CPU.ActiveCfg = Debug|Any CPU
		{7C782174-A3D2-4620-9D61-6B23A0759E04}.Debug|Any CPU.Build.0 = Debug|Any CPU
		{7C782174-A3D2-4620-9D61-6B23A0759E04}.Release|Any CPU.ActiveCfg = Release|Any CPU
		{7C782174-A3D2-4620-9D61-6B23A0759E04}.Release|Any CPU.Build.0 = Release|Any CPU
		{B1FEF353-F05F-4322-9F86-B9E16794BD56}.Debug|Any CPU.ActiveCfg = Debug|Any CPU
		{B1FEF353-F05F-4322-9F86-B9E16794BD56}.Debug|Any CPU.Build.0 = Debug|Any CPU
		{B1FEF353-F05F-4322-9F86-B9E16794BD56}.Release|Any CPU.ActiveCfg = Release|Any CPU
		{B1FEF353-F05F-4322-9F86-B9E16794BD56}.Release|Any CPU.Build.0 = Release|Any CPU
		{481417B0-BD76-45F6-B898-0C625B327F57}.Debug|Any CPU.ActiveCfg = Debug|Any CPU
		{481417B0-BD76-45F6-B898-0C625B327F57}.Debug|Any CPU.Build.0 = Debug|Any CPU
		{481417B0-BD76-45F6-B898-0C625B327F57}.Release|Any CPU.ActiveCfg = Release|Any CPU
		{481417B0-BD76-45F6-B898-0C625B327F57}.Release|Any CPU.Build.0 = Release|Any CPU
		{319CBBF6-A52E-4930-8E1C-39A42ABDD6A3}.Debug|Any CPU.ActiveCfg = Debug|Any CPU
		{319CBBF6-A52E-4930-8E1C-39A42ABDD6A3}.Debug|Any CPU.Build.0 = Debug|Any CPU
		{319CBBF6-A52E-4930-8E1C-39A42ABDD6A3}.Release|Any CPU.ActiveCfg = Release|Any CPU
		{319CBBF6-A52E-4930-8E1C-39A42ABDD6A3}.Release|Any CPU.Build.0 = Release|Any CPU
		{5BF428FB-9CA4-4E82-AFA6-612E605FDB7A}.Debug|Any CPU.ActiveCfg = Debug|Any CPU
		{5BF428FB-9CA4-4E82-AFA6-612E605FDB7A}.Debug|Any CPU.Build.0 = Debug|Any CPU
		{5BF428FB-9CA4-4E82-AFA6-612E605FDB7A}.Release|Any CPU.ActiveCfg = Release|Any CPU
		{5BF428FB-9CA4-4E82-AFA6-612E605FDB7A}.Release|Any CPU.Build.0 = Release|Any CPU
		{09E10A91-B2F5-4A10-AC7E-3D4281998D06}.Debug|Any CPU.ActiveCfg = Debug|Any CPU
		{09E10A91-B2F5-4A10-AC7E-3D4281998D06}.Debug|Any CPU.Build.0 = Debug|Any CPU
		{09E10A91-B2F5-4A10-AC7E-3D4281998D06}.Release|Any CPU.ActiveCfg = Release|Any CPU
		{09E10A91-B2F5-4A10-AC7E-3D4281998D06}.Release|Any CPU.Build.0 = Release|Any CPU
		{AABCC84B-2A0A-4BB4-93C9-9710050CBB31}.Debug|Any CPU.ActiveCfg = Debug|Any CPU
		{AABCC84B-2A0A-4BB4-93C9-9710050CBB31}.Debug|Any CPU.Build.0 = Debug|Any CPU
		{AABCC84B-2A0A-4BB4-93C9-9710050CBB31}.Release|Any CPU.ActiveCfg = Release|Any CPU
		{AABCC84B-2A0A-4BB4-93C9-9710050CBB31}.Release|Any CPU.Build.0 = Release|Any CPU
		{216FB7E3-3A6F-4DE3-9C4C-333044D05BBA}.Debug|Any CPU.ActiveCfg = Debug|Any CPU
		{216FB7E3-3A6F-4DE3-9C4C-333044D05BBA}.Debug|Any CPU.Build.0 = Debug|Any CPU
		{216FB7E3-3A6F-4DE3-9C4C-333044D05BBA}.Release|Any CPU.ActiveCfg = Release|Any CPU
		{216FB7E3-3A6F-4DE3-9C4C-333044D05BBA}.Release|Any CPU.Build.0 = Release|Any CPU
		{1DD4E511-4B18-4931-A88D-FDAE17960449}.Debug|Any CPU.ActiveCfg = Debug|Any CPU
		{1DD4E511-4B18-4931-A88D-FDAE17960449}.Debug|Any CPU.Build.0 = Debug|Any CPU
		{1DD4E511-4B18-4931-A88D-FDAE17960449}.Release|Any CPU.ActiveCfg = Release|Any CPU
		{1DD4E511-4B18-4931-A88D-FDAE17960449}.Release|Any CPU.Build.0 = Release|Any CPU
	EndGlobalSection
	GlobalSection(SolutionProperties) = preSolution
		HideSolutionNode = FALSE
	EndGlobalSection
	GlobalSection(ExtensibilityGlobals) = postSolution
		SolutionGuid = {857263DF-E9BB-4737-A24A-DB096577B837}
	EndGlobalSection
EndGlobal
